<?xml version="1.0" encoding="utf-8"?>
<Project ToolsVersion="4.0" xmlns="http://schemas.microsoft.com/developer/msbuild/2003">
  <ItemGroup>
    <Filter Include="include">
      <UniqueIdentifier>{93995380-89BD-4b04-88EB-625FBE52EBFB}</UniqueIdentifier>
      <Extensions>h;hpp;hxx;hm;inl;inc;xsd</Extensions>
    </Filter>
    <Filter Include="src">
      <UniqueIdentifier>{4FC737F1-C7A5-4376-A066-2A32D752A2FF}</UniqueIdentifier>
      <Extensions>cpp;c;cc;cxx;def;odl;idl;hpj;bat;asm;asmx</Extensions>
    </Filter>
    <Filter Include="json">
      <UniqueIdentifier>{0bc1e7d7-5bd1-4dcd-8af6-36bcc0ab8506}</UniqueIdentifier>
    </Filter>
    <Filter Include="json\rapidjson">
      <UniqueIdentifier>{2480c599-1dd0-4a08-86e0-aa2b0fe7229c}</UniqueIdentifier>
    </Filter>
    <Filter Include="json\rapidjson\internal">
      <UniqueIdentifier>{245e0339-adba-48fb-b881-d0e3ad61cb5e}</UniqueIdentifier>
    </Filter>
  </ItemGroup>
  <ItemGroup>
    <ClInclude Include="include\cmdline.h">
      <Filter>include</Filter>
    </ClInclude>
    <ClInclude Include="include\common.h">
      <Filter>include</Filter>
    </ClInclude>
    <ClInclude Include="include\common_marco.h">
      <Filter>include</Filter>
    </ClInclude>
    <ClInclude Include="include\common_type.h">
      <Filter>include</Filter>
    </ClInclude>
    <ClInclude Include="include\Data.h">
      <Filter>include</Filter>
    </ClInclude>
    <ClInclude Include="include\FileUtils.h">
      <Filter>include</Filter>
    </ClInclude>
    <ClInclude Include="include\getopt.h">
      <Filter>include</Filter>
    </ClInclude>
    <ClInclude Include="include\lock.h">
      <Filter>include</Filter>
    </ClInclude>
    <ClInclude Include="include\log4z.h">
      <Filter>include</Filter>
    </ClInclude>
    <ClInclude Include="include\lw_base64.h">
      <Filter>include</Filter>
    </ClInclude>
    <ClInclude Include="include\lw_xxtea.h">
      <Filter>include</Filter>
    </ClInclude>
    <ClInclude Include="include\md5.h">
      <Filter>include</Filter>
    </ClInclude>
    <ClInclude Include="include\Threadable.h">
      <Filter>include</Filter>
    </ClInclude>
    <ClInclude Include="include\utils.h">
      <Filter>include</Filter>
    </ClInclude>
    <ClInclude Include="src\base64.h">
      <Filter>src</Filter>
    </ClInclude>
    <ClInclude Include="src\xxtea.h">
      <Filter>src</Filter>
    </ClInclude>
    <ClInclude Include="json\rapidjson\document.h">
      <Filter>json\rapidjson</Filter>
    </ClInclude>
    <ClInclude Include="json\rapidjson\filestream.h">
      <Filter>json\rapidjson</Filter>
    </ClInclude>
    <ClInclude Include="json\rapidjson\prettywriter.h">
      <Filter>json\rapidjson</Filter>
    </ClInclude>
    <ClInclude Include="json\rapidjson\rapidjson.h">
      <Filter>json\rapidjson</Filter>
    </ClInclude>
    <ClInclude Include="json\rapidjson\reader.h">
      <Filter>json\rapidjson</Filter>
    </ClInclude>
    <ClInclude Include="json\rapidjson\stringbuffer.h">
      <Filter>json\rapidjson</Filter>
    </ClInclude>
    <ClInclude Include="json\rapidjson\writer.h">
      <Filter>json\rapidjson</Filter>
    </ClInclude>
    <ClInclude Include="json\rapidjson\internal\pow10.h">
      <Filter>json\rapidjson\internal</Filter>
    </ClInclude>
    <ClInclude Include="json\rapidjson\internal\stack.h">
      <Filter>json\rapidjson\internal</Filter>
    </ClInclude>
    <ClInclude Include="json\rapidjson\internal\strfunc.h">
      <Filter>json\rapidjson\internal</Filter>
    </ClInclude>
  </ItemGroup>
  <ItemGroup>
    <ClCompile Include="src\base64.c">
      <Filter>src</Filter>
    </ClCompile>
    <ClCompile Include="src\Data.cpp">
      <Filter>src</Filter>
    </ClCompile>
    <ClCompile Include="src\FileUtils.cpp">
      <Filter>src</Filter>
    </ClCompile>
    <ClCompile Include="src\getopt.c">
      <Filter>src</Filter>
    </ClCompile>
    <ClCompile Include="src\getopt_long.c">
      <Filter>src</Filter>
    </ClCompile>
    <ClCompile Include="src\lock.cpp">
      <Filter>src</Filter>
    </ClCompile>
    <ClCompile Include="src\log4z.cpp">
      <Filter>src</Filter>
    </ClCompile>
    <ClCompile Include="src\lw_base64.cpp">
      <Filter>src</Filter>
    </ClCompile>
    <ClCompile Include="src\lw_xxtea.cpp">
      <Filter>src</Filter>
    </ClCompile>
    <ClCompile Include="src\md5.c">
      <Filter>src</Filter>
    </ClCompile>
    <ClCompile Include="src\md5hl.c">
      <Filter>src</Filter>
    </ClCompile>
    <ClCompile Include="src\Threadable.cpp">
      <Filter>src</Filter>
    </ClCompile>
    <ClCompile Include="src\utils.cpp">
      <Filter>src</Filter>
    </ClCompile>
    <ClCompile Include="src\xxtea.c">
      <Filter>src</Filter>
    </ClCompile>
  </ItemGroup>
</Project>